{"is_source_file": false, "format": "", "description": "", "external_files": [], "external_methods": [], "published": [], "classes": [], "methods": [], "calls": [], "search-terms": [], "state": 2, "file_id": 2, "knowledge_revision": 143, "git_revision": "8803a6af7fcc4b2bc958220b7d9b8d554fa8ef10", "hash": "e9b4c3b42cef0193b7fddb548d37e652", "format-version": 4, "code-base-name": "default", "filename": "tic_tac_toe/post_process_status.lock", "revision_history": [{"143": "8803a6af7fcc4b2bc958220b7d9b8d554fa8ef10"}]}