{"is_source_file": true, "file_id": 108, "git_revision": "", "state": 1, "description": "", "external_files": [], "external_methods": [], "published": [], "classes": [], "methods": [], "calls": [], "search-terms": [], "hash": "b5556a07affd63cce24533d591832cbb", "format-version": 4, "code-base-name": "default", "filename": "tic_tac_toe/macos/Runner.xcodeproj/project.pbxproj", "knowledge_revision": 108}