{"is_source_file": true, "file_id": 109, "git_revision": "", "state": 1, "description": "", "external_files": [], "external_methods": [], "published": [], "classes": [], "methods": [], "calls": [], "search-terms": [], "hash": "39361f7441ad461cadfa416ecf5556a0", "format-version": 4, "code-base-name": "default", "filename": "tic_tac_toe/macos/Runner.xcodeproj/xcshareddata/xcschemes/Runner.xcscheme", "knowledge_revision": 109}