{"is_source_file": false, "format": "", "description": "", "external_files": [], "external_methods": [], "published": [], "classes": [], "methods": [], "calls": [], "search-terms": [], "state": 2, "file_id": 6, "knowledge_revision": 141, "git_revision": "8803a6af7fcc4b2bc958220b7d9b8d554fa8ef10", "hash": "3e088bc3ef2b27e72da13a5f953edd64", "format-version": 4, "code-base-name": "default", "filename": "tic_tac_toe/ios/Runner.xcodeproj/xcshareddata/xcschemes/Runner.xcscheme", "revision_history": [{"141": "8803a6af7fcc4b2bc958220b7d9b8d554fa8ef10"}]}